
Microsoft Visual Studio Solution File, Format Version 12.00
# Visual Studio Version 17
VisualStudioVersion = 17.13.35806.99 d17.13
MinimumVisualStudioVersion = 10.0.40219.1
Project("{888888A0-9F3D-457C-B088-3A5042F75D52}") = "Parser", "Parser.pyproj", "{55FA1BFD-3BBE-4AA9-A869-34AE8CB1C0EB}"
EndProject
Global
	GlobalSection(SolutionConfigurationPlatforms) = preSolution
		Debug|Any CPU = Debug|Any CPU
		Release|Any CPU = Release|Any CPU
	EndGlobalSection
	GlobalSection(ProjectConfigurationPlatforms) = postSolution
		{55FA1BFD-3BBE-4AA9-A869-34AE8CB1C0EB}.Debug|Any CPU.ActiveCfg = Debug|Any CPU
		{55FA1BFD-3BBE-4AA9-A869-34AE8CB1C0EB}.Release|Any CPU.ActiveCfg = Release|Any CPU
	EndGlobalSection
	GlobalSection(SolutionProperties) = preSolution
		HideSolutionNode = FALSE
	EndGlobalSection
	GlobalSection(ExtensibilityGlobals) = postSolution
		SolutionGuid = {66BA01B9-6A06-4E39-AEDE-43568D9F7623}
	EndGlobalSection
EndGlobal
